// !$*UTF8*$!
{
	archiveVersion = 1;
	classes = {
	};
	objectVersion = 46;
	objects = {

/* Begin PBXBuildFile section */
		0D0C2E061C626AE5001E6C35 /* SignalTableViewController.m in Sources */ = {isa = PBXBuildFile; fileRef = 0D0C2E051C626AE5001E6C35 /* SignalTableViewController.m */; };
		0D0C2E091C626B62001E6C35 /* AddSignalViewController.m in Sources */ = {isa = PBXBuildFile; fileRef = 0D0C2E081C626B62001E6C35 /* AddSignalViewController.m */; };
		0D0C2E0C1C626BC2001E6C35 /* RegisterViewController.m in Sources */ = {isa = PBXBuildFile; fileRef = 0D0C2E0B1C626BC2001E6C35 /* RegisterViewController.m */; };
		0D230DDF1C67D5600050D9B4 /* libsqlite3.dylib in Frameworks */ = {isa = PBXBuildFile; fileRef = 0D230DDE1C67D5600050D9B4 /* libsqlite3.dylib */; };
		0D230DE21C67E0AF0050D9B4 /* ProfileViewController.m in Sources */ = {isa = PBXBuildFile; fileRef = 0D230DE11C67E0AF0050D9B4 /* ProfileViewController.m */; };
		0D233F5F1C6545CF00EE8C84 /* PhysicsTransitionManager.swift in Sources */ = {isa = PBXBuildFile; fileRef = 0D233F5E1C6545CF00EE8C84 /* PhysicsTransitionManager.swift */; };
		0D233F611C655CBD00EE8C84 /* SignalCustomCell.xib in Resources */ = {isa = PBXBuildFile; fileRef = 0D233F601C655CBD00EE8C84 /* SignalCustomCell.xib */; };
		0D233F641C65612400EE8C84 /* SignalCustomCell.m in Sources */ = {isa = PBXBuildFile; fileRef = 0D233F631C65612400EE8C84 /* SignalCustomCell.m */; };
		0D277FD21C66560E00D8A662 /* SignalDetailsViewController.m in Sources */ = {isa = PBXBuildFile; fileRef = 0D277FD11C66560E00D8A662 /* SignalDetailsViewController.m */; };
		0D277FD41C66A35F00D8A662 /* CoreLocation.framework in Frameworks */ = {isa = PBXBuildFile; fileRef = 0D277FD31C66A35F00D8A662 /* CoreLocation.framework */; };
		0D277FD61C66B5C700D8A662 /* MapViewController.swift in Sources */ = {isa = PBXBuildFile; fileRef = 0D277FD51C66B5C700D8A662 /* MapViewController.swift */; };
		0D5DC9061C63FAA700083A0B /* TelerikAppFeedback.framework in Frameworks */ = {isa = PBXBuildFile; fileRef = 0D5DC9041C63FAA700083A0B /* TelerikAppFeedback.framework */; };
		0D5DC9071C63FAA700083A0B /* TelerikUI.framework in Frameworks */ = {isa = PBXBuildFile; fileRef = 0D5DC9051C63FAA700083A0B /* TelerikUI.framework */; };
		0D7261751C6544FC004E55CE /* SideDrawerHeaderView.m in Sources */ = {isa = PBXBuildFile; fileRef = 0D7261741C6544FC004E55CE /* SideDrawerHeaderView.m */; };
		0D9A0D501C6269BA00373AA7 /* LoginViewController.m in Sources */ = {isa = PBXBuildFile; fileRef = 0D9A0D4F1C6269BA00373AA7 /* LoginViewController.m */; };
		0DC9529F1C6832E400510680 /* Signal.xcdatamodeld in Sources */ = {isa = PBXBuildFile; fileRef = 0DC9529D1C6832E400510680 /* Signal.xcdatamodeld */; };
		0DD170781C5FF22B00A39D7B /* main.m in Sources */ = {isa = PBXBuildFile; fileRef = 0DD170771C5FF22B00A39D7B /* main.m */; };
		0DD1707B1C5FF22B00A39D7B /* AppDelegate.m in Sources */ = {isa = PBXBuildFile; fileRef = 0DD1707A1C5FF22B00A39D7B /* AppDelegate.m */; };
		0DD170811C5FF22B00A39D7B /* Main.storyboard in Resources */ = {isa = PBXBuildFile; fileRef = 0DD1707F1C5FF22B00A39D7B /* Main.storyboard */; };
		0DD170861C5FF22B00A39D7B /* Assets.xcassets in Resources */ = {isa = PBXBuildFile; fileRef = 0DD170851C5FF22B00A39D7B /* Assets.xcassets */; };
		0DD170891C5FF22B00A39D7B /* LaunchScreen.storyboard in Resources */ = {isa = PBXBuildFile; fileRef = 0DD170871C5FF22B00A39D7B /* LaunchScreen.storyboard */; };
		0DDF977C1C67551800F20CC9 /* AboutViewController.m in Sources */ = {isa = PBXBuildFile; fileRef = 0DDF977B1C67551800F20CC9 /* AboutViewController.m */; };
		7F93E4B4BAB7117EE083651C /* libPods-Signal.a in Frameworks */ = {isa = PBXBuildFile; fileRef = 76C5DF430988F7034285FD56 /* libPods-Signal.a */; };
/* End PBXBuildFile section */

/* Begin PBXFileReference section */
		0C146B126909314B99D0237F /* Pods-Signal.release.xcconfig */ = {isa = PBXFileReference; includeInIndex = 1; lastKnownFileType = text.xcconfig; name = "Pods-Signal.release.xcconfig"; path = "Pods/Target Support Files/Pods-Signal/Pods-Signal.release.xcconfig"; sourceTree = "<group>"; };
		0D0C2E041C626AE5001E6C35 /* SignalTableViewController.h */ = {isa = PBXFileReference; fileEncoding = 4; lastKnownFileType = sourcecode.c.h; name = SignalTableViewController.h; path = Views/SignalTableViewController.h; sourceTree = "<group>"; };
		0D0C2E051C626AE5001E6C35 /* SignalTableViewController.m */ = {isa = PBXFileReference; fileEncoding = 4; lastKnownFileType = sourcecode.c.objc; name = SignalTableViewController.m; path = Views/SignalTableViewController.m; sourceTree = "<group>"; };
		0D0C2E071C626B62001E6C35 /* AddSignalViewController.h */ = {isa = PBXFileReference; fileEncoding = 4; lastKnownFileType = sourcecode.c.h; name = AddSignalViewController.h; path = Views/AddSignalViewController.h; sourceTree = "<group>"; };
		0D0C2E081C626B62001E6C35 /* AddSignalViewController.m */ = {isa = PBXFileReference; fileEncoding = 4; lastKnownFileType = sourcecode.c.objc; name = AddSignalViewController.m; path = Views/AddSignalViewController.m; sourceTree = "<group>"; };
		0D0C2E0A1C626BC2001E6C35 /* RegisterViewController.h */ = {isa = PBXFileReference; fileEncoding = 4; lastKnownFileType = sourcecode.c.h; name = RegisterViewController.h; path = Views/RegisterViewController.h; sourceTree = "<group>"; };
		0D0C2E0B1C626BC2001E6C35 /* RegisterViewController.m */ = {isa = PBXFileReference; fileEncoding = 4; lastKnownFileType = sourcecode.c.objc; name = RegisterViewController.m; path = Views/RegisterViewController.m; sourceTree = "<group>"; };
		0D12F5BC1C635E890060E630 /* Signal-Bridging-Header.h */ = {isa = PBXFileReference; lastKnownFileType = sourcecode.c.h; path = "Signal-Bridging-Header.h"; sourceTree = "<group>"; };
		0D230DDE1C67D5600050D9B4 /* libsqlite3.dylib */ = {isa = PBXFileReference; lastKnownFileType = "compiled.mach-o.dylib"; name = libsqlite3.dylib; path = ../../../../../usr/lib/libsqlite3.dylib; sourceTree = "<group>"; };
		0D230DE01C67E0AF0050D9B4 /* ProfileViewController.h */ = {isa = PBXFileReference; fileEncoding = 4; lastKnownFileType = sourcecode.c.h; name = ProfileViewController.h; path = Views/ProfileViewController.h; sourceTree = "<group>"; };
		0D230DE11C67E0AF0050D9B4 /* ProfileViewController.m */ = {isa = PBXFileReference; fileEncoding = 4; lastKnownFileType = sourcecode.c.objc; name = ProfileViewController.m; path = Views/ProfileViewController.m; sourceTree = "<group>"; };
		0D233F5E1C6545CF00EE8C84 /* PhysicsTransitionManager.swift */ = {isa = PBXFileReference; fileEncoding = 4; lastKnownFileType = sourcecode.swift; name = PhysicsTransitionManager.swift; path = Helpers/PhysicsTransitionManager.swift; sourceTree = "<group>"; };
		0D233F601C655CBD00EE8C84 /* SignalCustomCell.xib */ = {isa = PBXFileReference; fileEncoding = 4; lastKnownFileType = file.xib; name = SignalCustomCell.xib; path = CustomViews/SignalCustomCell.xib; sourceTree = "<group>"; };
		0D233F621C65612400EE8C84 /* SignalCustomCell.h */ = {isa = PBXFileReference; fileEncoding = 4; lastKnownFileType = sourcecode.c.h; name = SignalCustomCell.h; path = CustomViews/SignalCustomCell.h; sourceTree = "<group>"; };
		0D233F631C65612400EE8C84 /* SignalCustomCell.m */ = {isa = PBXFileReference; fileEncoding = 4; lastKnownFileType = sourcecode.c.objc; name = SignalCustomCell.m; path = CustomViews/SignalCustomCell.m; sourceTree = "<group>"; };
		0D277FD01C66560E00D8A662 /* SignalDetailsViewController.h */ = {isa = PBXFileReference; fileEncoding = 4; lastKnownFileType = sourcecode.c.h; name = SignalDetailsViewController.h; path = Views/SignalDetailsViewController.h; sourceTree = "<group>"; };
		0D277FD11C66560E00D8A662 /* SignalDetailsViewController.m */ = {isa = PBXFileReference; fileEncoding = 4; lastKnownFileType = sourcecode.c.objc; name = SignalDetailsViewController.m; path = Views/SignalDetailsViewController.m; sourceTree = "<group>"; };
		0D277FD31C66A35F00D8A662 /* CoreLocation.framework */ = {isa = PBXFileReference; lastKnownFileType = wrapper.framework; name = CoreLocation.framework; path = System/Library/Frameworks/CoreLocation.framework; sourceTree = SDKROOT; };
		0D277FD51C66B5C700D8A662 /* MapViewController.swift */ = {isa = PBXFileReference; fileEncoding = 4; lastKnownFileType = sourcecode.swift; name = MapViewController.swift; path = Views/MapViewController.swift; sourceTree = "<group>"; };
		0D5DC9041C63FAA700083A0B /* TelerikAppFeedback.framework */ = {isa = PBXFileReference; lastKnownFileType = wrapper.framework; name = TelerikAppFeedback.framework; path = Signal/TelerikAppFeedback.framework; sourceTree = "<group>"; };
		0D5DC9051C63FAA700083A0B /* TelerikUI.framework */ = {isa = PBXFileReference; lastKnownFileType = wrapper.framework; name = TelerikUI.framework; path = Signal/TelerikUI.framework; sourceTree = "<group>"; };
		0D7261731C6544FC004E55CE /* SideDrawerHeaderView.h */ = {isa = PBXFileReference; fileEncoding = 4; lastKnownFileType = sourcecode.c.h; name = SideDrawerHeaderView.h; path = CustomViews/SideDrawerHeaderView.h; sourceTree = "<group>"; };
		0D7261741C6544FC004E55CE /* SideDrawerHeaderView.m */ = {isa = PBXFileReference; fileEncoding = 4; lastKnownFileType = sourcecode.c.objc; name = SideDrawerHeaderView.m; path = CustomViews/SideDrawerHeaderView.m; sourceTree = "<group>"; };
		0D9A0D4E1C6269BA00373AA7 /* LoginViewController.h */ = {isa = PBXFileReference; fileEncoding = 4; lastKnownFileType = sourcecode.c.h; name = LoginViewController.h; path = Views/LoginViewController.h; sourceTree = "<group>"; };
		0D9A0D4F1C6269BA00373AA7 /* LoginViewController.m */ = {isa = PBXFileReference; fileEncoding = 4; lastKnownFileType = sourcecode.c.objc; name = LoginViewController.m; path = Views/LoginViewController.m; sourceTree = "<group>"; };
		0DC9529E1C6832E400510680 /* Signal.xcdatamodel */ = {isa = PBXFileReference; lastKnownFileType = wrapper.xcdatamodel; path = Signal.xcdatamodel; sourceTree = "<group>"; };
		0DD170731C5FF22B00A39D7B /* Signal.app */ = {isa = PBXFileReference; explicitFileType = wrapper.application; includeInIndex = 0; path = Signal.app; sourceTree = BUILT_PRODUCTS_DIR; };
		0DD170771C5FF22B00A39D7B /* main.m */ = {isa = PBXFileReference; lastKnownFileType = sourcecode.c.objc; path = main.m; sourceTree = "<group>"; };
		0DD170791C5FF22B00A39D7B /* AppDelegate.h */ = {isa = PBXFileReference; lastKnownFileType = sourcecode.c.h; path = AppDelegate.h; sourceTree = "<group>"; };
		0DD1707A1C5FF22B00A39D7B /* AppDelegate.m */ = {isa = PBXFileReference; lastKnownFileType = sourcecode.c.objc; path = AppDelegate.m; sourceTree = "<group>"; };
		0DD170801C5FF22B00A39D7B /* Base */ = {isa = PBXFileReference; lastKnownFileType = file.storyboard; name = Base; path = Base.lproj/Main.storyboard; sourceTree = "<group>"; };
		0DD170851C5FF22B00A39D7B /* Assets.xcassets */ = {isa = PBXFileReference; lastKnownFileType = folder.assetcatalog; path = Assets.xcassets; sourceTree = "<group>"; };
		0DD170881C5FF22B00A39D7B /* Base */ = {isa = PBXFileReference; lastKnownFileType = file.storyboard; name = Base; path = Base.lproj/LaunchScreen.storyboard; sourceTree = "<group>"; };
		0DD1708A1C5FF22B00A39D7B /* Info.plist */ = {isa = PBXFileReference; lastKnownFileType = text.plist.xml; path = Info.plist; sourceTree = "<group>"; };
		0DDF977A1C67551800F20CC9 /* AboutViewController.h */ = {isa = PBXFileReference; fileEncoding = 4; lastKnownFileType = sourcecode.c.h; name = AboutViewController.h; path = Views/AboutViewController.h; sourceTree = "<group>"; };
		0DDF977B1C67551800F20CC9 /* AboutViewController.m */ = {isa = PBXFileReference; fileEncoding = 4; lastKnownFileType = sourcecode.c.objc; name = AboutViewController.m; path = Views/AboutViewController.m; sourceTree = "<group>"; };
		6A4B1C8E17DF58487E50C5E6 /* Pods-Signal.debug.xcconfig */ = {isa = PBXFileReference; includeInIndex = 1; lastKnownFileType = text.xcconfig; name = "Pods-Signal.debug.xcconfig"; path = "Pods/Target Support Files/Pods-Signal/Pods-Signal.debug.xcconfig"; sourceTree = "<group>"; };
		76C5DF430988F7034285FD56 /* libPods-Signal.a */ = {isa = PBXFileReference; explicitFileType = archive.ar; includeInIndex = 0; path = "libPods-Signal.a"; sourceTree = BUILT_PRODUCTS_DIR; };
/* End PBXFileReference section */

/* Begin PBXFrameworksBuildPhase section */
		0DD170701C5FF22B00A39D7B /* Frameworks */ = {
			isa = PBXFrameworksBuildPhase;
			buildActionMask = 2147483647;
			files = (
				0D230DDF1C67D5600050D9B4 /* libsqlite3.dylib in Frameworks */,
				0D277FD41C66A35F00D8A662 /* CoreLocation.framework in Frameworks */,
				0D5DC9061C63FAA700083A0B /* TelerikAppFeedback.framework in Frameworks */,
				0D5DC9071C63FAA700083A0B /* TelerikUI.framework in Frameworks */,
				7F93E4B4BAB7117EE083651C /* libPods-Signal.a in Frameworks */,
			);
			runOnlyForDeploymentPostprocessing = 0;
		};
/* End PBXFrameworksBuildPhase section */

/* Begin PBXGroup section */
		0D22B0F41C65440F005280A0 /* CustomViews */ = {
			isa = PBXGroup;
			children = (
				0D7261731C6544FC004E55CE /* SideDrawerHeaderView.h */,
				0D7261741C6544FC004E55CE /* SideDrawerHeaderView.m */,
				0D233F601C655CBD00EE8C84 /* SignalCustomCell.xib */,
				0D233F621C65612400EE8C84 /* SignalCustomCell.h */,
				0D233F631C65612400EE8C84 /* SignalCustomCell.m */,
			);
			name = CustomViews;
			sourceTree = "<group>";
		};
		0D233F5D1C6545BA00EE8C84 /* Helpers */ = {
			isa = PBXGroup;
			children = (
				0D233F5E1C6545CF00EE8C84 /* PhysicsTransitionManager.swift */,
			);
			name = Helpers;
			sourceTree = "<group>";
		};
		0D66362C1C6003CA00D15136 /* Views */ = {
			isa = PBXGroup;
			children = (
				0D9A0D4E1C6269BA00373AA7 /* LoginViewController.h */,
				0D9A0D4F1C6269BA00373AA7 /* LoginViewController.m */,
				0D0C2E041C626AE5001E6C35 /* SignalTableViewController.h */,
				0D0C2E051C626AE5001E6C35 /* SignalTableViewController.m */,
				0D0C2E071C626B62001E6C35 /* AddSignalViewController.h */,
				0D0C2E081C626B62001E6C35 /* AddSignalViewController.m */,
				0D0C2E0A1C626BC2001E6C35 /* RegisterViewController.h */,
				0D0C2E0B1C626BC2001E6C35 /* RegisterViewController.m */,
				0D12F5BC1C635E890060E630 /* Signal-Bridging-Header.h */,
				0D277FD01C66560E00D8A662 /* SignalDetailsViewController.h */,
				0D277FD11C66560E00D8A662 /* SignalDetailsViewController.m */,
				0D277FD51C66B5C700D8A662 /* MapViewController.swift */,
				0DDF977A1C67551800F20CC9 /* AboutViewController.h */,
				0DDF977B1C67551800F20CC9 /* AboutViewController.m */,
				0D230DE01C67E0AF0050D9B4 /* ProfileViewController.h */,
				0D230DE11C67E0AF0050D9B4 /* ProfileViewController.m */,
			);
			name = Views;
			sourceTree = "<group>";
		};
		0DD1706A1C5FF22B00A39D7B = {
			isa = PBXGroup;
			children = (
				0DD170751C5FF22B00A39D7B /* Signal */,
				0DD170741C5FF22B00A39D7B /* Products */,
				38E1EEAB8A370D1F697AD871 /* Pods */,
				FDC5169DC6E61CC89773CBEE /* Frameworks */,
			);
			sourceTree = "<group>";
		};
		0DD170741C5FF22B00A39D7B /* Products */ = {
			isa = PBXGroup;
			children = (
				0DD170731C5FF22B00A39D7B /* Signal.app */,
			);
			name = Products;
			sourceTree = "<group>";
		};
		0DD170751C5FF22B00A39D7B /* Signal */ = {
			isa = PBXGroup;
			children = (
				0D233F5D1C6545BA00EE8C84 /* Helpers */,
				0D22B0F41C65440F005280A0 /* CustomViews */,
				0D66362C1C6003CA00D15136 /* Views */,
				0DD170791C5FF22B00A39D7B /* AppDelegate.h */,
				0DD1707A1C5FF22B00A39D7B /* AppDelegate.m */,
				0DD1707F1C5FF22B00A39D7B /* Main.storyboard */,
				0DD170851C5FF22B00A39D7B /* Assets.xcassets */,
				0DD170871C5FF22B00A39D7B /* LaunchScreen.storyboard */,
				0DD1708A1C5FF22B00A39D7B /* Info.plist */,
				0DC9529D1C6832E400510680 /* Signal.xcdatamodeld */,
				0DD170761C5FF22B00A39D7B /* Supporting Files */,
			);
			path = Signal;
			sourceTree = "<group>";
		};
		0DD170761C5FF22B00A39D7B /* Supporting Files */ = {
			isa = PBXGroup;
			children = (
				0DD170771C5FF22B00A39D7B /* main.m */,
			);
			name = "Supporting Files";
			sourceTree = "<group>";
		};
		38E1EEAB8A370D1F697AD871 /* Pods */ = {
			isa = PBXGroup;
			children = (
				6A4B1C8E17DF58487E50C5E6 /* Pods-Signal.debug.xcconfig */,
				0C146B126909314B99D0237F /* Pods-Signal.release.xcconfig */,
			);
			name = Pods;
			sourceTree = "<group>";
		};
		FDC5169DC6E61CC89773CBEE /* Frameworks */ = {
			isa = PBXGroup;
			children = (
				0D230DDE1C67D5600050D9B4 /* libsqlite3.dylib */,
				0D277FD31C66A35F00D8A662 /* CoreLocation.framework */,
				0D5DC9041C63FAA700083A0B /* TelerikAppFeedback.framework */,
				0D5DC9051C63FAA700083A0B /* TelerikUI.framework */,
				76C5DF430988F7034285FD56 /* libPods-Signal.a */,
			);
			name = Frameworks;
			sourceTree = "<group>";
		};
/* End PBXGroup section */

/* Begin PBXNativeTarget section */
		0DD170721C5FF22B00A39D7B /* Signal */ = {
			isa = PBXNativeTarget;
			buildConfigurationList = 0DD1708D1C5FF22B00A39D7B /* Build configuration list for PBXNativeTarget "Signal" */;
			buildPhases = (
				2FE9ECE046996570C7D36E92 /* Check Pods Manifest.lock */,
				0DD1706F1C5FF22B00A39D7B /* Sources */,
				0DD170701C5FF22B00A39D7B /* Frameworks */,
				0DD170711C5FF22B00A39D7B /* Resources */,
				07D43E274B7A2CC94BFC0C6E /* Embed Pods Frameworks */,
				E27F9D2366161C2902F836DC /* Copy Pods Resources */,
			);
			buildRules = (
			);
			dependencies = (
			);
			name = Signal;
			productName = Signal;
			productReference = 0DD170731C5FF22B00A39D7B /* Signal.app */;
			productType = "com.apple.product-type.application";
		};
/* End PBXNativeTarget section */

/* Begin PBXProject section */
		0DD1706B1C5FF22B00A39D7B /* Project object */ = {
			isa = PBXProject;
			attributes = {
				LastUpgradeCheck = 0720;
				ORGANIZATIONNAME = zdzdz;
				TargetAttributes = {
					0DD170721C5FF22B00A39D7B = {
						CreatedOnToolsVersion = 7.2;
						DevelopmentTeam = BAUKZL2DG3;
					};
				};
			};
			buildConfigurationList = 0DD1706E1C5FF22B00A39D7B /* Build configuration list for PBXProject "Signal" */;
			compatibilityVersion = "Xcode 3.2";
			developmentRegion = English;
			hasScannedForEncodings = 0;
			knownRegions = (
				en,
				Base,
			);
			mainGroup = 0DD1706A1C5FF22B00A39D7B;
			productRefGroup = 0DD170741C5FF22B00A39D7B /* Products */;
			projectDirPath = "";
			projectRoot = "";
			targets = (
				0DD170721C5FF22B00A39D7B /* Signal */,
			);
		};
/* End PBXProject section */

/* Begin PBXResourcesBuildPhase section */
		0DD170711C5FF22B00A39D7B /* Resources */ = {
			isa = PBXResourcesBuildPhase;
			buildActionMask = 2147483647;
			files = (
				0DD170891C5FF22B00A39D7B /* LaunchScreen.storyboard in Resources */,
				0DD170861C5FF22B00A39D7B /* Assets.xcassets in Resources */,
				0D233F611C655CBD00EE8C84 /* SignalCustomCell.xib in Resources */,
				0DD170811C5FF22B00A39D7B /* Main.storyboard in Resources */,
			);
			runOnlyForDeploymentPostprocessing = 0;
		};
/* End PBXResourcesBuildPhase section */

/* Begin PBXShellScriptBuildPhase section */
		07D43E274B7A2CC94BFC0C6E /* Embed Pods Frameworks */ = {
			isa = PBXShellScriptBuildPhase;
			buildActionMask = 2147483647;
			files = (
			);
			inputPaths = (
			);
			name = "Embed Pods Frameworks";
			outputPaths = (
			);
			runOnlyForDeploymentPostprocessing = 0;
			shellPath = /bin/sh;
			shellScript = "\"${SRCROOT}/Pods/Target Support Files/Pods-Signal/Pods-Signal-frameworks.sh\"\n";
			showEnvVarsInLog = 0;
		};
		2FE9ECE046996570C7D36E92 /* Check Pods Manifest.lock */ = {
			isa = PBXShellScriptBuildPhase;
			buildActionMask = 2147483647;
			files = (
			);
			inputPaths = (
			);
			name = "Check Pods Manifest.lock";
			outputPaths = (
			);
			runOnlyForDeploymentPostprocessing = 0;
			shellPath = /bin/sh;
			shellScript = "diff \"${PODS_ROOT}/../Podfile.lock\" \"${PODS_ROOT}/Manifest.lock\" > /dev/null\nif [[ $? != 0 ]] ; then\n    cat << EOM\nerror: The sandbox is not in sync with the Podfile.lock. Run 'pod install' or update your CocoaPods installation.\nEOM\n    exit 1\nfi\n";
			showEnvVarsInLog = 0;
		};
		E27F9D2366161C2902F836DC /* Copy Pods Resources */ = {
			isa = PBXShellScriptBuildPhase;
			buildActionMask = 2147483647;
			files = (
			);
			inputPaths = (
			);
			name = "Copy Pods Resources";
			outputPaths = (
			);
			runOnlyForDeploymentPostprocessing = 0;
			shellPath = /bin/sh;
			shellScript = "\"${SRCROOT}/Pods/Target Support Files/Pods-Signal/Pods-Signal-resources.sh\"\n";
			showEnvVarsInLog = 0;
		};
/* End PBXShellScriptBuildPhase section */

/* Begin PBXSourcesBuildPhase section */
		0DD1706F1C5FF22B00A39D7B /* Sources */ = {
			isa = PBXSourcesBuildPhase;
			buildActionMask = 2147483647;
			files = (
				0D9A0D501C6269BA00373AA7 /* LoginViewController.m in Sources */,
				0DD1707B1C5FF22B00A39D7B /* AppDelegate.m in Sources */,
				0DD170781C5FF22B00A39D7B /* main.m in Sources */,
				0D0C2E0C1C626BC2001E6C35 /* RegisterViewController.m in Sources */,
				0D233F641C65612400EE8C84 /* SignalCustomCell.m in Sources */,
				0D277FD61C66B5C700D8A662 /* MapViewController.swift in Sources */,
				0D0C2E091C626B62001E6C35 /* AddSignalViewController.m in Sources */,
				0D233F5F1C6545CF00EE8C84 /* PhysicsTransitionManager.swift in Sources */,
				0DC9529F1C6832E400510680 /* Signal.xcdatamodeld in Sources */,
				0DDF977C1C67551800F20CC9 /* AboutViewController.m in Sources */,
				0D230DE21C67E0AF0050D9B4 /* ProfileViewController.m in Sources */,
				0D0C2E061C626AE5001E6C35 /* SignalTableViewController.m in Sources */,
				0D7261751C6544FC004E55CE /* SideDrawerHeaderView.m in Sources */,
				0D277FD21C66560E00D8A662 /* SignalDetailsViewController.m in Sources */,
			);
			runOnlyForDeploymentPostprocessing = 0;
		};
/* End PBXSourcesBuildPhase section */

/* Begin PBXVariantGroup section */
		0DD1707F1C5FF22B00A39D7B /* Main.storyboard */ = {
			isa = PBXVariantGroup;
			children = (
				0DD170801C5FF22B00A39D7B /* Base */,
			);
			name = Main.storyboard;
			sourceTree = "<group>";
		};
		0DD170871C5FF22B00A39D7B /* LaunchScreen.storyboard */ = {
			isa = PBXVariantGroup;
			children = (
				0DD170881C5FF22B00A39D7B /* Base */,
			);
			name = LaunchScreen.storyboard;
			sourceTree = "<group>";
		};
/* End PBXVariantGroup section */

/* Begin XCBuildConfiguration section */
		0DD1708B1C5FF22B00A39D7B /* Debug */ = {
			isa = XCBuildConfiguration;
			buildSettings = {
				ALWAYS_SEARCH_USER_PATHS = NO;
				CLANG_CXX_LANGUAGE_STANDARD = "gnu++0x";
				CLANG_CXX_LIBRARY = "libc++";
				CLANG_ENABLE_MODULES = YES;
				CLANG_ENABLE_OBJC_ARC = YES;
				CLANG_WARN_BOOL_CONVERSION = YES;
				CLANG_WARN_CONSTANT_CONVERSION = YES;
				CLANG_WARN_DIRECT_OBJC_ISA_USAGE = YES_ERROR;
				CLANG_WARN_EMPTY_BODY = YES;
				CLANG_WARN_ENUM_CONVERSION = YES;
				CLANG_WARN_INT_CONVERSION = YES;
				CLANG_WARN_OBJC_ROOT_CLASS = YES_ERROR;
				CLANG_WARN_UNREACHABLE_CODE = YES;
				CLANG_WARN__DUPLICATE_METHOD_MATCH = YES;
				"CODE_SIGN_IDENTITY[sdk=iphoneos*]" = "iPhone Developer";
				COPY_PHASE_STRIP = NO;
				DEBUG_INFORMATION_FORMAT = dwarf;
				ENABLE_STRICT_OBJC_MSGSEND = YES;
				ENABLE_TESTABILITY = YES;
				GCC_C_LANGUAGE_STANDARD = gnu99;
				GCC_DYNAMIC_NO_PIC = NO;
				GCC_NO_COMMON_BLOCKS = YES;
				GCC_OPTIMIZATION_LEVEL = 0;
				GCC_PREPROCESSOR_DEFINITIONS = (
					"DEBUG=1",
					"$(inherited)",
				);
				GCC_WARN_64_TO_32_BIT_CONVERSION = YES;
				GCC_WARN_ABOUT_RETURN_TYPE = YES_ERROR;
				GCC_WARN_UNDECLARED_SELECTOR = YES;
				GCC_WARN_UNINITIALIZED_AUTOS = YES_AGGRESSIVE;
				GCC_WARN_UNUSED_FUNCTION = YES;
				GCC_WARN_UNUSED_VARIABLE = YES;
				IPHONEOS_DEPLOYMENT_TARGET = 9.2;
				MTL_ENABLE_DEBUG_INFO = YES;
				ONLY_ACTIVE_ARCH = YES;
				SDKROOT = iphoneos;
			};
			name = Debug;
		};
		0DD1708C1C5FF22B00A39D7B /* Release */ = {
			isa = XCBuildConfiguration;
			buildSettings = {
				ALWAYS_SEARCH_USER_PATHS = NO;
				CLANG_CXX_LANGUAGE_STANDARD = "gnu++0x";
				CLANG_CXX_LIBRARY = "libc++";
				CLANG_ENABLE_MODULES = YES;
				CLANG_ENABLE_OBJC_ARC = YES;
				CLANG_WARN_BOOL_CONVERSION = YES;
				CLANG_WARN_CONSTANT_CONVERSION = YES;
				CLANG_WARN_DIRECT_OBJC_ISA_USAGE = YES_ERROR;
				CLANG_WARN_EMPTY_BODY = YES;
				CLANG_WARN_ENUM_CONVERSION = YES;
				CLANG_WARN_INT_CONVERSION = YES;
				CLANG_WARN_OBJC_ROOT_CLASS = YES_ERROR;
				CLANG_WARN_UNREACHABLE_CODE = YES;
				CLANG_WARN__DUPLICATE_METHOD_MATCH = YES;
				"CODE_SIGN_IDENTITY[sdk=iphoneos*]" = "iPhone Developer";
				COPY_PHASE_STRIP = NO;
				DEBUG_INFORMATION_FORMAT = "dwarf-with-dsym";
				ENABLE_NS_ASSERTIONS = NO;
				ENABLE_STRICT_OBJC_MSGSEND = YES;
				GCC_C_LANGUAGE_STANDARD = gnu99;
				GCC_NO_COMMON_BLOCKS = YES;
				GCC_WARN_64_TO_32_BIT_CONVERSION = YES;
				GCC_WARN_ABOUT_RETURN_TYPE = YES_ERROR;
				GCC_WARN_UNDECLARED_SELECTOR = YES;
				GCC_WARN_UNINITIALIZED_AUTOS = YES_AGGRESSIVE;
				GCC_WARN_UNUSED_FUNCTION = YES;
				GCC_WARN_UNUSED_VARIABLE = YES;
				IPHONEOS_DEPLOYMENT_TARGET = 9.2;
				MTL_ENABLE_DEBUG_INFO = NO;
				SDKROOT = iphoneos;
				VALIDATE_PRODUCT = YES;
			};
			name = Release;
		};
		0DD1708E1C5FF22B00A39D7B /* Debug */ = {
			isa = XCBuildConfiguration;
			baseConfigurationReference = 6A4B1C8E17DF58487E50C5E6 /* Pods-Signal.debug.xcconfig */;
			buildSettings = {
				ASSETCATALOG_COMPILER_APPICON_NAME = AppIcon;
				CLANG_ENABLE_MODULES = YES;
				DEFINES_MODULE = YES;
				EMBEDDED_CONTENT_CONTAINS_SWIFT = YES;
				FRAMEWORK_SEARCH_PATHS = (
					"$(inherited)",
					"$(PROJECT_DIR)/Signal",
				);
				INFOPLIST_FILE = Signal/Info.plist;
				LD_RUNPATH_SEARCH_PATHS = "$(inherited) @executable_path/Frameworks";
				PRODUCT_BUNDLE_IDENTIFIER = zdzdz.Signal;
				PRODUCT_NAME = "$(TARGET_NAME)";
				SWIFT_OBJC_BRIDGING_HEADER = "Signal/Signal-Bridging-Header.h";
				SWIFT_OPTIMIZATION_LEVEL = "-Onone";
			};
			name = Debug;
		};
		0DD1708F1C5FF22B00A39D7B /* Release */ = {
			isa = XCBuildConfiguration;
			baseConfigurationReference = 0C146B126909314B99D0237F /* Pods-Signal.release.xcconfig */;
			buildSettings = {
				ASSETCATALOG_COMPILER_APPICON_NAME = AppIcon;
				CLANG_ENABLE_MODULES = YES;
				DEFINES_MODULE = YES;
				EMBEDDED_CONTENT_CONTAINS_SWIFT = YES;
				FRAMEWORK_SEARCH_PATHS = (
					"$(inherited)",
					"$(PROJECT_DIR)/Signal",
				);
				INFOPLIST_FILE = Signal/Info.plist;
				LD_RUNPATH_SEARCH_PATHS = "$(inherited) @executable_path/Frameworks";
				PRODUCT_BUNDLE_IDENTIFIER = zdzdz.Signal;
				PRODUCT_NAME = "$(TARGET_NAME)";
				SWIFT_OBJC_BRIDGING_HEADER = "Signal/Signal-Bridging-Header.h";
			};
			name = Release;
		};
/* End XCBuildConfiguration section */

/* Begin XCConfigurationList section */
		0DD1706E1C5FF22B00A39D7B /* Build configuration list for PBXProject "Signal" */ = {
			isa = XCConfigurationList;
			buildConfigurations = (
				0DD1708B1C5FF22B00A39D7B /* Debug */,
				0DD1708C1C5FF22B00A39D7B /* Release */,
			);
			defaultConfigurationIsVisible = 0;
			defaultConfigurationName = Release;
		};
		0DD1708D1C5FF22B00A39D7B /* Build configuration list for PBXNativeTarget "Signal" */ = {
			isa = XCConfigurationList;
			buildConfigurations = (
				0DD1708E1C5FF22B00A39D7B /* Debug */,
				0DD1708F1C5FF22B00A39D7B /* Release */,
			);
			defaultConfigurationIsVisible = 0;
			defaultConfigurationName = Release;
		};
/* End XCConfigurationList section */

/* Begin XCVersionGroup section */
		0DC9529D1C6832E400510680 /* Signal.xcdatamodeld */ = {
			isa = XCVersionGroup;
			children = (
				0DC9529E1C6832E400510680 /* Signal.xcdatamodel */,
			);
			currentVersion = 0DC9529E1C6832E400510680 /* Signal.xcdatamodel */;
			path = Signal.xcdatamodeld;
			sourceTree = "<group>";
			versionGroupType = wrapper.xcdatamodel;
		};
/* End XCVersionGroup section */
	};
	rootObject = 0DD1706B1C5FF22B00A39D7B /* Project object */;
}
